
Microsoft Visual Studio Solution File, Format Version 12.00
# Visual Studio Version 16
VisualStudioVersion = 16.0.30621.155
MinimumVisualStudioVersion = 10.0.40219.1
Project("{FAE04EC0-301F-11D3-BF4B-00C04F79EFBC}") = "Asp.netMVC_ReactJS", "Asp.netMVC_ReactJS.csproj", "{587318E7-8967-4E48-9829-E0909758E448}"
EndProject
Global
	GlobalSection(SolutionConfigurationPlatforms) = preSolution
		Debug|Any CPU = Debug|Any CPU
		Release|Any CPU = Release|Any CPU
	EndGlobalSection
	GlobalSection(ProjectConfigurationPlatforms) = postSolution
		{587318E7-8967-4E48-9829-E0909758E448}.Debug|Any CPU.ActiveCfg = Debug|Any CPU
		{587318E7-8967-4E48-9829-E0909758E448}.Debug|Any CPU.Build.0 = Debug|Any CPU
		{587318E7-8967-4E48-9829-E0909758E448}.Release|Any CPU.ActiveCfg = Release|Any CPU
		{587318E7-8967-4E48-9829-E0909758E448}.Release|Any CPU.Build.0 = Release|Any CPU
	EndGlobalSection
	GlobalSection(SolutionProperties) = preSolution
		HideSolutionNode = FALSE
	EndGlobalSection
	GlobalSection(ExtensibilityGlobals) = postSolution
		SolutionGuid = {4B84990F-2F59-4A2E-9575-D0B08FC7BB5E}
	EndGlobalSection
EndGlobal
